// !$*UTF8*$!
{
	archiveVersion = 1;
	classes = {
	};
	objectVersion = 48;
	objects = {

/* Begin PBXBuildFile section */
		E38B1A7C205A5C7B00DD3463 /* main.cpp in Sources */ = {isa = PBXBuildFile; fileRef = E38B1A7B205A5C7B00DD3463 /* main.cpp */; };
		E38B1A85205A5CF500DD3463 /* functions_easy.cpp in Sources */ = {isa = PBXBuildFile; fileRef = E38B1A83205A5CF500DD3463 /* functions_easy.cpp */; };
		E38B1A8D205A5F7B00DD3463 /* liblua.5.3.4.dylib in Frameworks */ = {isa = PBXBuildFile; fileRef = E38B1A8C205A5F7B00DD3463 /* liblua.5.3.4.dylib */; };
		E38B1A9E205A5FBF00DD3463 /* userdata_memory_reference.cpp in Sources */ = {isa = PBXBuildFile; fileRef = E38B1A8E205A5FBE00DD3463 /* userdata_memory_reference.cpp */; };
		E38B1A9F205A5FBF00DD3463 /* namespacing.cpp in Sources */ = {isa = PBXBuildFile; fileRef = E38B1A8F205A5FBE00DD3463 /* namespacing.cpp */; };
		E38B1AA0205A5FBF00DD3463 /* opening_a_state.cpp in Sources */ = {isa = PBXBuildFile; fileRef = E38B1A90205A5FBE00DD3463 /* opening_a_state.cpp */; };
		E38B1AA1205A5FBF00DD3463 /* make_tables.cpp in Sources */ = {isa = PBXBuildFile; fileRef = E38B1A91205A5FBE00DD3463 /* make_tables.cpp */; };
		E38B1AA2205A5FBF00DD3463 /* running_lua_code_low_level.cpp in Sources */ = {isa = PBXBuildFile; fileRef = E38B1A92205A5FBE00DD3463 /* running_lua_code_low_level.cpp */; };
		E38B1AA3205A5FBF00DD3463 /* functions_all.cpp in Sources */ = {isa = PBXBuildFile; fileRef = E38B1A93205A5FBE00DD3463 /* functions_all.cpp */; };
		E38B1AA4205A5FBF00DD3463 /* opening_state_on_raw_lua.cpp in Sources */ = {isa = PBXBuildFile; fileRef = E38B1A94205A5FBE00DD3463 /* opening_state_on_raw_lua.cpp */; };
		E38B1AA5205A5FBF00DD3463 /* running_lua_code.cpp in Sources */ = {isa = PBXBuildFile; fileRef = E38B1A95205A5FBE00DD3463 /* running_lua_code.cpp */; };
		E38B1AA6205A5FBF00DD3463 /* set_and_get_variables_exists.cpp in Sources */ = {isa = PBXBuildFile; fileRef = E38B1A96205A5FBE00DD3463 /* set_and_get_variables_exists.cpp */; };
		E38B1AA7205A5FBF00DD3463 /* usertypes.cpp in Sources */ = {isa = PBXBuildFile; fileRef = E38B1A97205A5FBE00DD3463 /* usertypes.cpp */; };
		E38B1AA8205A5FBF00DD3463 /* self_call.cpp in Sources */ = {isa = PBXBuildFile; fileRef = E38B1A98205A5FBE00DD3463 /* self_call.cpp */; };
		E38B1AA9205A5FBF00DD3463 /* set_and_get_variables.cpp in Sources */ = {isa = PBXBuildFile; fileRef = E38B1A99205A5FBE00DD3463 /* set_and_get_variables.cpp */; };
		E38B1AAA205A5FBF00DD3463 /* tables_and_nesting.cpp in Sources */ = {isa = PBXBuildFile; fileRef = E38B1A9A205A5FBE00DD3463 /* tables_and_nesting.cpp */; };
		E38B1AAB205A5FBF00DD3463 /* userdata.cpp in Sources */ = {isa = PBXBuildFile; fileRef = E38B1A9B205A5FBE00DD3463 /* userdata.cpp */; };
		E38B1AAC205A5FBF00DD3463 /* multiple_returns_to_lua.cpp in Sources */ = {isa = PBXBuildFile; fileRef = E38B1A9C205A5FBE00DD3463 /* multiple_returns_to_lua.cpp */; };
		E38B1AAD205A5FBF00DD3463 /* multiple_returns_from_lua.cpp in Sources */ = {isa = PBXBuildFile; fileRef = E38B1A9D205A5FBF00DD3463 /* multiple_returns_from_lua.cpp */; };
		E38B1AB1205A648D00DD3463 /* normal_var_trans.cpp in Sources */ = {isa = PBXBuildFile; fileRef = E38B1AB0205A648D00DD3463 /* normal_var_trans.cpp */; };
		E38B1AB3205A6AE100DD3463 /* func_trans.cpp in Sources */ = {isa = PBXBuildFile; fileRef = E38B1AB2205A6AE100DD3463 /* func_trans.cpp */; };
		E38B1AB7205A7B3C00DD3463 /* class_trans.cpp in Sources */ = {isa = PBXBuildFile; fileRef = E38B1AB6205A7B3C00DD3463 /* class_trans.cpp */; };
		E38B1AB9205A93BA00DD3463 /* container_trans.cpp in Sources */ = {isa = PBXBuildFile; fileRef = E38B1AB8205A93BA00DD3463 /* container_trans.cpp */; };
/* End PBXBuildFile section */

/* Begin PBXCopyFilesBuildPhase section */
		E38B1A76205A5C7B00DD3463 /* CopyFiles */ = {
			isa = PBXCopyFilesBuildPhase;
			buildActionMask = 2147483647;
			dstPath = /usr/share/man/man1/;
			dstSubfolderSpec = 0;
			files = (
			);
			runOnlyForDeploymentPostprocessing = 1;
		};
/* End PBXCopyFilesBuildPhase section */

/* Begin PBXFileReference section */
		E38B1A78205A5C7B00DD3463 /* sol_study */ = {isa = PBXFileReference; explicitFileType = "compiled.mach-o.executable"; includeInIndex = 0; path = sol_study; sourceTree = BUILT_PRODUCTS_DIR; };
		E38B1A7B205A5C7B00DD3463 /* main.cpp */ = {isa = PBXFileReference; lastKnownFileType = sourcecode.cpp.cpp; path = main.cpp; sourceTree = "<group>"; };
		E38B1A83205A5CF500DD3463 /* functions_easy.cpp */ = {isa = PBXFileReference; fileEncoding = 4; lastKnownFileType = sourcecode.cpp.cpp; path = functions_easy.cpp; sourceTree = "<group>"; };
		E38B1A84205A5CF500DD3463 /* tutorials_func_define.h */ = {isa = PBXFileReference; fileEncoding = 4; lastKnownFileType = sourcecode.c.h; path = tutorials_func_define.h; sourceTree = "<group>"; };
		E38B1A89205A5F4F00DD3463 /* assert.hpp */ = {isa = PBXFileReference; fileEncoding = 4; lastKnownFileType = sourcecode.cpp.h; path = assert.hpp; sourceTree = "<group>"; };
		E38B1A8A205A5F4F00DD3463 /* sol.hpp */ = {isa = PBXFileReference; fileEncoding = 4; lastKnownFileType = sourcecode.cpp.h; path = sol.hpp; sourceTree = "<group>"; };
		E38B1A8C205A5F7B00DD3463 /* liblua.5.3.4.dylib */ = {isa = PBXFileReference; lastKnownFileType = "compiled.mach-o.dylib"; name = liblua.5.3.4.dylib; path = lua/lib/liblua.5.3.4.dylib; sourceTree = "<group>"; };
		E38B1A8E205A5FBE00DD3463 /* userdata_memory_reference.cpp */ = {isa = PBXFileReference; fileEncoding = 4; lastKnownFileType = sourcecode.cpp.cpp; path = userdata_memory_reference.cpp; sourceTree = "<group>"; };
		E38B1A8F205A5FBE00DD3463 /* namespacing.cpp */ = {isa = PBXFileReference; fileEncoding = 4; lastKnownFileType = sourcecode.cpp.cpp; path = namespacing.cpp; sourceTree = "<group>"; };
		E38B1A90205A5FBE00DD3463 /* opening_a_state.cpp */ = {isa = PBXFileReference; fileEncoding = 4; lastKnownFileType = sourcecode.cpp.cpp; path = opening_a_state.cpp; sourceTree = "<group>"; };
		E38B1A91205A5FBE00DD3463 /* make_tables.cpp */ = {isa = PBXFileReference; fileEncoding = 4; lastKnownFileType = sourcecode.cpp.cpp; path = make_tables.cpp; sourceTree = "<group>"; };
		E38B1A92205A5FBE00DD3463 /* running_lua_code_low_level.cpp */ = {isa = PBXFileReference; fileEncoding = 4; lastKnownFileType = sourcecode.cpp.cpp; path = running_lua_code_low_level.cpp; sourceTree = "<group>"; };
		E38B1A93205A5FBE00DD3463 /* functions_all.cpp */ = {isa = PBXFileReference; fileEncoding = 4; lastKnownFileType = sourcecode.cpp.cpp; path = functions_all.cpp; sourceTree = "<group>"; };
		E38B1A94205A5FBE00DD3463 /* opening_state_on_raw_lua.cpp */ = {isa = PBXFileReference; fileEncoding = 4; lastKnownFileType = sourcecode.cpp.cpp; path = opening_state_on_raw_lua.cpp; sourceTree = "<group>"; };
		E38B1A95205A5FBE00DD3463 /* running_lua_code.cpp */ = {isa = PBXFileReference; fileEncoding = 4; lastKnownFileType = sourcecode.cpp.cpp; path = running_lua_code.cpp; sourceTree = "<group>"; };
		E38B1A96205A5FBE00DD3463 /* set_and_get_variables_exists.cpp */ = {isa = PBXFileReference; fileEncoding = 4; lastKnownFileType = sourcecode.cpp.cpp; path = set_and_get_variables_exists.cpp; sourceTree = "<group>"; };
		E38B1A97205A5FBE00DD3463 /* usertypes.cpp */ = {isa = PBXFileReference; fileEncoding = 4; lastKnownFileType = sourcecode.cpp.cpp; path = usertypes.cpp; sourceTree = "<group>"; };
		E38B1A98205A5FBE00DD3463 /* self_call.cpp */ = {isa = PBXFileReference; fileEncoding = 4; lastKnownFileType = sourcecode.cpp.cpp; path = self_call.cpp; sourceTree = "<group>"; };
		E38B1A99205A5FBE00DD3463 /* set_and_get_variables.cpp */ = {isa = PBXFileReference; fileEncoding = 4; lastKnownFileType = sourcecode.cpp.cpp; path = set_and_get_variables.cpp; sourceTree = "<group>"; };
		E38B1A9A205A5FBE00DD3463 /* tables_and_nesting.cpp */ = {isa = PBXFileReference; fileEncoding = 4; lastKnownFileType = sourcecode.cpp.cpp; path = tables_and_nesting.cpp; sourceTree = "<group>"; };
		E38B1A9B205A5FBE00DD3463 /* userdata.cpp */ = {isa = PBXFileReference; fileEncoding = 4; lastKnownFileType = sourcecode.cpp.cpp; path = userdata.cpp; sourceTree = "<group>"; };
		E38B1A9C205A5FBE00DD3463 /* multiple_returns_to_lua.cpp */ = {isa = PBXFileReference; fileEncoding = 4; lastKnownFileType = sourcecode.cpp.cpp; path = multiple_returns_to_lua.cpp; sourceTree = "<group>"; };
		E38B1A9D205A5FBF00DD3463 /* multiple_returns_from_lua.cpp */ = {isa = PBXFileReference; fileEncoding = 4; lastKnownFileType = sourcecode.cpp.cpp; path = multiple_returns_from_lua.cpp; sourceTree = "<group>"; };
		E38B1AAF205A639900DD3463 /* example_header.h */ = {isa = PBXFileReference; lastKnownFileType = sourcecode.c.h; path = example_header.h; sourceTree = "<group>"; };
		E38B1AB0205A648D00DD3463 /* normal_var_trans.cpp */ = {isa = PBXFileReference; lastKnownFileType = sourcecode.cpp.cpp; path = normal_var_trans.cpp; sourceTree = "<group>"; };
		E38B1AB2205A6AE100DD3463 /* func_trans.cpp */ = {isa = PBXFileReference; lastKnownFileType = sourcecode.cpp.cpp; path = func_trans.cpp; sourceTree = "<group>"; };
		E38B1AB4205A715500DD3463 /* func_trans.lua */ = {isa = PBXFileReference; lastKnownFileType = text; path = func_trans.lua; sourceTree = "<group>"; };
		E38B1AB5205A7B2D00DD3463 /* class_trans.lua */ = {isa = PBXFileReference; lastKnownFileType = text; path = class_trans.lua; sourceTree = "<group>"; };
		E38B1AB6205A7B3C00DD3463 /* class_trans.cpp */ = {isa = PBXFileReference; lastKnownFileType = sourcecode.cpp.cpp; path = class_trans.cpp; sourceTree = "<group>"; };
		E38B1AB8205A93BA00DD3463 /* container_trans.cpp */ = {isa = PBXFileReference; lastKnownFileType = sourcecode.cpp.cpp; path = container_trans.cpp; sourceTree = "<group>"; };
		E38B1ABA205A93C700DD3463 /* container_trans.lua */ = {isa = PBXFileReference; lastKnownFileType = text; path = container_trans.lua; sourceTree = "<group>"; };
		E38B1ABB205A9B0C00DD3463 /* README.md */ = {isa = PBXFileReference; fileEncoding = 4; lastKnownFileType = net.daringfireball.markdown; path = README.md; sourceTree = "<group>"; };
/* End PBXFileReference section */

/* Begin PBXFrameworksBuildPhase section */
		E38B1A75205A5C7B00DD3463 /* Frameworks */ = {
			isa = PBXFrameworksBuildPhase;
			buildActionMask = 2147483647;
			files = (
				E38B1A8D205A5F7B00DD3463 /* liblua.5.3.4.dylib in Frameworks */,
			);
			runOnlyForDeploymentPostprocessing = 0;
		};
/* End PBXFrameworksBuildPhase section */

/* Begin PBXGroup section */
		E38B1A6F205A5C7B00DD3463 = {
			isa = PBXGroup;
			children = (
				E38B1ABB205A9B0C00DD3463 /* README.md */,
				E38B1A8B205A5F7A00DD3463 /* Frameworks */,
				E38B1A79205A5C7B00DD3463 /* Products */,
				E38B1A7A205A5C7B00DD3463 /* sol_study */,
			);
			sourceTree = "<group>";
		};
		E38B1A79205A5C7B00DD3463 /* Products */ = {
			isa = PBXGroup;
			children = (
				E38B1A78205A5C7B00DD3463 /* sol_study */,
			);
			name = Products;
			sourceTree = "<group>";
		};
		E38B1A7A205A5C7B00DD3463 /* sol_study */ = {
			isa = PBXGroup;
			children = (
				E38B1AAE205A62AF00DD3463 /* example */,
				E38B1A89205A5F4F00DD3463 /* assert.hpp */,
				E38B1A8A205A5F4F00DD3463 /* sol.hpp */,
				E38B1A82205A5CB400DD3463 /* tutorials */,
				E38B1A7B205A5C7B00DD3463 /* main.cpp */,
			);
			path = sol_study;
			sourceTree = "<group>";
		};
		E38B1A82205A5CB400DD3463 /* tutorials */ = {
			isa = PBXGroup;
			children = (
				E38B1A93205A5FBE00DD3463 /* functions_all.cpp */,
				E38B1A91205A5FBE00DD3463 /* make_tables.cpp */,
				E38B1A9D205A5FBF00DD3463 /* multiple_returns_from_lua.cpp */,
				E38B1A9C205A5FBE00DD3463 /* multiple_returns_to_lua.cpp */,
				E38B1A8F205A5FBE00DD3463 /* namespacing.cpp */,
				E38B1A90205A5FBE00DD3463 /* opening_a_state.cpp */,
				E38B1A94205A5FBE00DD3463 /* opening_state_on_raw_lua.cpp */,
				E38B1A92205A5FBE00DD3463 /* running_lua_code_low_level.cpp */,
				E38B1A95205A5FBE00DD3463 /* running_lua_code.cpp */,
				E38B1A98205A5FBE00DD3463 /* self_call.cpp */,
				E38B1A96205A5FBE00DD3463 /* set_and_get_variables_exists.cpp */,
				E38B1A99205A5FBE00DD3463 /* set_and_get_variables.cpp */,
				E38B1A9A205A5FBE00DD3463 /* tables_and_nesting.cpp */,
				E38B1A8E205A5FBE00DD3463 /* userdata_memory_reference.cpp */,
				E38B1A9B205A5FBE00DD3463 /* userdata.cpp */,
				E38B1A97205A5FBE00DD3463 /* usertypes.cpp */,
				E38B1A83205A5CF500DD3463 /* functions_easy.cpp */,
				E38B1A84205A5CF500DD3463 /* tutorials_func_define.h */,
			);
			path = tutorials;
			sourceTree = "<group>";
		};
		E38B1A8B205A5F7A00DD3463 /* Frameworks */ = {
			isa = PBXGroup;
			children = (
				E38B1A8C205A5F7B00DD3463 /* liblua.5.3.4.dylib */,
			);
			name = Frameworks;
			sourceTree = "<group>";
		};
		E38B1AAE205A62AF00DD3463 /* example */ = {
			isa = PBXGroup;
			children = (
				E38B1AAF205A639900DD3463 /* example_header.h */,
				E38B1AB0205A648D00DD3463 /* normal_var_trans.cpp */,
				E38B1AB2205A6AE100DD3463 /* func_trans.cpp */,
				E38B1AB4205A715500DD3463 /* func_trans.lua */,
				E38B1AB5205A7B2D00DD3463 /* class_trans.lua */,
				E38B1AB6205A7B3C00DD3463 /* class_trans.cpp */,
				E38B1AB8205A93BA00DD3463 /* container_trans.cpp */,
				E38B1ABA205A93C700DD3463 /* container_trans.lua */,
			);
			path = example;
			sourceTree = "<group>";
		};
/* End PBXGroup section */

/* Begin PBXNativeTarget section */
		E38B1A77205A5C7B00DD3463 /* sol_study */ = {
			isa = PBXNativeTarget;
			buildConfigurationList = E38B1A7F205A5C7B00DD3463 /* Build configuration list for PBXNativeTarget "sol_study" */;
			buildPhases = (
				E38B1A74205A5C7B00DD3463 /* Sources */,
				E38B1A75205A5C7B00DD3463 /* Frameworks */,
				E38B1A76205A5C7B00DD3463 /* CopyFiles */,
			);
			buildRules = (
			);
			dependencies = (
			);
			name = sol_study;
			productName = sol_study;
			productReference = E38B1A78205A5C7B00DD3463 /* sol_study */;
			productType = "com.apple.product-type.tool";
		};
/* End PBXNativeTarget section */

/* Begin PBXProject section */
		E38B1A70205A5C7B00DD3463 /* Project object */ = {
			isa = PBXProject;
			attributes = {
				LastUpgradeCheck = 0920;
				ORGANIZATIONNAME = lifs;
				TargetAttributes = {
					E38B1A77205A5C7B00DD3463 = {
						CreatedOnToolsVersion = 9.2;
						ProvisioningStyle = Automatic;
					};
				};
			};
			buildConfigurationList = E38B1A73205A5C7B00DD3463 /* Build configuration list for PBXProject "sol_study" */;
			compatibilityVersion = "Xcode 8.0";
			developmentRegion = en;
			hasScannedForEncodings = 0;
			knownRegions = (
				en,
			);
			mainGroup = E38B1A6F205A5C7B00DD3463;
			productRefGroup = E38B1A79205A5C7B00DD3463 /* Products */;
			projectDirPath = "";
			projectRoot = "";
			targets = (
				E38B1A77205A5C7B00DD3463 /* sol_study */,
			);
		};
/* End PBXProject section */

/* Begin PBXSourcesBuildPhase section */
		E38B1A74205A5C7B00DD3463 /* Sources */ = {
			isa = PBXSourcesBuildPhase;
			buildActionMask = 2147483647;
			files = (
				E38B1A9E205A5FBF00DD3463 /* userdata_memory_reference.cpp in Sources */,
				E38B1AAC205A5FBF00DD3463 /* multiple_returns_to_lua.cpp in Sources */,
				E38B1A7C205A5C7B00DD3463 /* main.cpp in Sources */,
				E38B1AA7205A5FBF00DD3463 /* usertypes.cpp in Sources */,
				E38B1AA4205A5FBF00DD3463 /* opening_state_on_raw_lua.cpp in Sources */,
				E38B1AA8205A5FBF00DD3463 /* self_call.cpp in Sources */,
				E38B1AB3205A6AE100DD3463 /* func_trans.cpp in Sources */,
				E38B1AA6205A5FBF00DD3463 /* set_and_get_variables_exists.cpp in Sources */,
				E38B1AAB205A5FBF00DD3463 /* userdata.cpp in Sources */,
				E38B1AA1205A5FBF00DD3463 /* make_tables.cpp in Sources */,
				E38B1AA3205A5FBF00DD3463 /* functions_all.cpp in Sources */,
				E38B1AAA205A5FBF00DD3463 /* tables_and_nesting.cpp in Sources */,
				E38B1AA2205A5FBF00DD3463 /* running_lua_code_low_level.cpp in Sources */,
				E38B1AAD205A5FBF00DD3463 /* multiple_returns_from_lua.cpp in Sources */,
				E38B1AA9205A5FBF00DD3463 /* set_and_get_variables.cpp in Sources */,
				E38B1AA0205A5FBF00DD3463 /* opening_a_state.cpp in Sources */,
				E38B1AB1205A648D00DD3463 /* normal_var_trans.cpp in Sources */,
				E38B1AA5205A5FBF00DD3463 /* running_lua_code.cpp in Sources */,
				E38B1AB9205A93BA00DD3463 /* container_trans.cpp in Sources */,
				E38B1A9F205A5FBF00DD3463 /* namespacing.cpp in Sources */,
				E38B1A85205A5CF500DD3463 /* functions_easy.cpp in Sources */,
				E38B1AB7205A7B3C00DD3463 /* class_trans.cpp in Sources */,
			);
			runOnlyForDeploymentPostprocessing = 0;
		};
/* End PBXSourcesBuildPhase section */

/* Begin XCBuildConfiguration section */
		E38B1A7D205A5C7B00DD3463 /* Debug */ = {
			isa = XCBuildConfiguration;
			buildSettings = {
				ALWAYS_SEARCH_USER_PATHS = NO;
				CLANG_ANALYZER_NONNULL = YES;
				CLANG_ANALYZER_NUMBER_OBJECT_CONVERSION = YES_AGGRESSIVE;
				CLANG_CXX_LANGUAGE_STANDARD = "gnu++14";
				CLANG_CXX_LIBRARY = "libc++";
				CLANG_ENABLE_MODULES = YES;
				CLANG_ENABLE_OBJC_ARC = YES;
				CLANG_WARN_BLOCK_CAPTURE_AUTORELEASING = YES;
				CLANG_WARN_BOOL_CONVERSION = YES;
				CLANG_WARN_COMMA = YES;
				CLANG_WARN_CONSTANT_CONVERSION = YES;
				CLANG_WARN_DIRECT_OBJC_ISA_USAGE = YES_ERROR;
				CLANG_WARN_DOCUMENTATION_COMMENTS = YES;
				CLANG_WARN_EMPTY_BODY = YES;
				CLANG_WARN_ENUM_CONVERSION = YES;
				CLANG_WARN_INFINITE_RECURSION = YES;
				CLANG_WARN_INT_CONVERSION = YES;
				CLANG_WARN_NON_LITERAL_NULL_CONVERSION = YES;
				CLANG_WARN_OBJC_LITERAL_CONVERSION = YES;
				CLANG_WARN_OBJC_ROOT_CLASS = YES_ERROR;
				CLANG_WARN_RANGE_LOOP_ANALYSIS = YES;
				CLANG_WARN_STRICT_PROTOTYPES = YES;
				CLANG_WARN_SUSPICIOUS_MOVE = YES;
				CLANG_WARN_UNGUARDED_AVAILABILITY = YES_AGGRESSIVE;
				CLANG_WARN_UNREACHABLE_CODE = YES;
				CLANG_WARN__DUPLICATE_METHOD_MATCH = YES;
				CODE_SIGN_IDENTITY = "-";
				COPY_PHASE_STRIP = NO;
				DEBUG_INFORMATION_FORMAT = dwarf;
				ENABLE_STRICT_OBJC_MSGSEND = YES;
				ENABLE_TESTABILITY = YES;
				GCC_C_LANGUAGE_STANDARD = gnu11;
				GCC_DYNAMIC_NO_PIC = NO;
				GCC_NO_COMMON_BLOCKS = YES;
				GCC_OPTIMIZATION_LEVEL = 0;
				GCC_PREPROCESSOR_DEFINITIONS = (
					"DEBUG=1",
					"$(inherited)",
				);
				GCC_WARN_64_TO_32_BIT_CONVERSION = YES;
				GCC_WARN_ABOUT_RETURN_TYPE = YES_ERROR;
				GCC_WARN_UNDECLARED_SELECTOR = YES;
				GCC_WARN_UNINITIALIZED_AUTOS = YES_AGGRESSIVE;
				GCC_WARN_UNUSED_FUNCTION = YES;
				GCC_WARN_UNUSED_VARIABLE = YES;
				MACOSX_DEPLOYMENT_TARGET = 10.12;
				MTL_ENABLE_DEBUG_INFO = YES;
				ONLY_ACTIVE_ARCH = YES;
				SDKROOT = macosx;
			};
			name = Debug;
		};
		E38B1A7E205A5C7B00DD3463 /* Release */ = {
			isa = XCBuildConfiguration;
			buildSettings = {
				ALWAYS_SEARCH_USER_PATHS = NO;
				CLANG_ANALYZER_NONNULL = YES;
				CLANG_ANALYZER_NUMBER_OBJECT_CONVERSION = YES_AGGRESSIVE;
				CLANG_CXX_LANGUAGE_STANDARD = "gnu++14";
				CLANG_CXX_LIBRARY = "libc++";
				CLANG_ENABLE_MODULES = YES;
				CLANG_ENABLE_OBJC_ARC = YES;
				CLANG_WARN_BLOCK_CAPTURE_AUTORELEASING = YES;
				CLANG_WARN_BOOL_CONVERSION = YES;
				CLANG_WARN_COMMA = YES;
				CLANG_WARN_CONSTANT_CONVERSION = YES;
				CLANG_WARN_DIRECT_OBJC_ISA_USAGE = YES_ERROR;
				CLANG_WARN_DOCUMENTATION_COMMENTS = YES;
				CLANG_WARN_EMPTY_BODY = YES;
				CLANG_WARN_ENUM_CONVERSION = YES;
				CLANG_WARN_INFINITE_RECURSION = YES;
				CLANG_WARN_INT_CONVERSION = YES;
				CLANG_WARN_NON_LITERAL_NULL_CONVERSION = YES;
				CLANG_WARN_OBJC_LITERAL_CONVERSION = YES;
				CLANG_WARN_OBJC_ROOT_CLASS = YES_ERROR;
				CLANG_WARN_RANGE_LOOP_ANALYSIS = YES;
				CLANG_WARN_STRICT_PROTOTYPES = YES;
				CLANG_WARN_SUSPICIOUS_MOVE = YES;
				CLANG_WARN_UNGUARDED_AVAILABILITY = YES_AGGRESSIVE;
				CLANG_WARN_UNREACHABLE_CODE = YES;
				CLANG_WARN__DUPLICATE_METHOD_MATCH = YES;
				CODE_SIGN_IDENTITY = "-";
				COPY_PHASE_STRIP = NO;
				DEBUG_INFORMATION_FORMAT = "dwarf-with-dsym";
				ENABLE_NS_ASSERTIONS = NO;
				ENABLE_STRICT_OBJC_MSGSEND = YES;
				GCC_C_LANGUAGE_STANDARD = gnu11;
				GCC_NO_COMMON_BLOCKS = YES;
				GCC_WARN_64_TO_32_BIT_CONVERSION = YES;
				GCC_WARN_ABOUT_RETURN_TYPE = YES_ERROR;
				GCC_WARN_UNDECLARED_SELECTOR = YES;
				GCC_WARN_UNINITIALIZED_AUTOS = YES_AGGRESSIVE;
				GCC_WARN_UNUSED_FUNCTION = YES;
				GCC_WARN_UNUSED_VARIABLE = YES;
				MACOSX_DEPLOYMENT_TARGET = 10.12;
				MTL_ENABLE_DEBUG_INFO = NO;
				SDKROOT = macosx;
			};
			name = Release;
		};
		E38B1A80205A5C7B00DD3463 /* Debug */ = {
			isa = XCBuildConfiguration;
			buildSettings = {
				CODE_SIGN_STYLE = Automatic;
				HEADER_SEARCH_PATHS = $SRCROOT/lua/include;
				LIBRARY_SEARCH_PATHS = (
					$SRCROOT/lua/lib,
					"$(PROJECT_DIR)/lua/lib",
				);
				PRODUCT_NAME = "$(TARGET_NAME)";
			};
			name = Debug;
		};
		E38B1A81205A5C7B00DD3463 /* Release */ = {
			isa = XCBuildConfiguration;
			buildSettings = {
				CODE_SIGN_STYLE = Automatic;
				HEADER_SEARCH_PATHS = $SRCROOT/lua/include;
				LIBRARY_SEARCH_PATHS = (
					$SRCROOT/lua/lib,
					"$(PROJECT_DIR)/lua/lib",
				);
				PRODUCT_NAME = "$(TARGET_NAME)";
			};
			name = Release;
		};
/* End XCBuildConfiguration section */

/* Begin XCConfigurationList section */
		E38B1A73205A5C7B00DD3463 /* Build configuration list for PBXProject "sol_study" */ = {
			isa = XCConfigurationList;
			buildConfigurations = (
				E38B1A7D205A5C7B00DD3463 /* Debug */,
				E38B1A7E205A5C7B00DD3463 /* Release */,
			);
			defaultConfigurationIsVisible = 0;
			defaultConfigurationName = Release;
		};
		E38B1A7F205A5C7B00DD3463 /* Build configuration list for PBXNativeTarget "sol_study" */ = {
			isa = XCConfigurationList;
			buildConfigurations = (
				E38B1A80205A5C7B00DD3463 /* Debug */,
				E38B1A81205A5C7B00DD3463 /* Release */,
			);
			defaultConfigurationIsVisible = 0;
			defaultConfigurationName = Release;
		};
/* End XCConfigurationList section */
	};
	rootObject = E38B1A70205A5C7B00DD3463 /* Project object */;
}
